
Microsoft Visual Studio Solution File, Format Version 12.00
# Visual Studio Version 17
VisualStudioVersion = 17.0.31903.59
MinimumVisualStudioVersion = 10.0.40219.1
Project("{2150E333-8FDC-42A3-9474-1A3956D46DE8}") = "src", "src", "{29896289-2AA6-4CA2-BA1A-7D4B6082E51B}"
EndProject
Project("{FAE04EC0-301F-11D3-BF4B-00C04F79EFBC}") = "ParkShare.Core", "src\ParkShare.Core\ParkShare.Core.csproj", "{16B717FB-6602-44E3-B3A1-5395817F075B}"
EndProject
Project("{FAE04EC0-301F-11D3-BF4B-00C04F79EFBC}") = "ParkShare.Application", "src\ParkShare.Application\ParkShare.Application.csproj", "{9D0E8437-7484-4E4E-893D-DA1F43953666}"
EndProject
Project("{FAE04EC0-301F-11D3-BF4B-00C04F79EFBC}") = "ParkShare.Infrastructure", "src\ParkShare.Infrastructure\ParkShare.Infrastructure.csproj", "{29BCEC8B-3E59-4516-858C-627009838EC1}"
EndProject
Project("{FAE04EC0-301F-11D3-BF4B-00C04F79EFBC}") = "ParkShare.Api", "src\ParkShare.Api\ParkShare.Api.csproj", "{EF71D1EF-B8A1-4BB6-93A6-DC7BD152B6FE}"
EndProject
Project("{2150E333-8FDC-42A3-9474-1A3956D46DE8}") = "test", "test", "{44F5BC57-ED09-44A5-90C4-8E7D464A823E}"
EndProject
Project("{FAE04EC0-301F-11D3-BF4B-00C04F79EFBC}") = "ParkShare.Core.Tests", "test\ParkShare.Core.Tests\ParkShare.Core.Tests.csproj", "{D78633CB-6219-4BCC-922C-8DD891AAA833}"
EndProject
Project("{FAE04EC0-301F-11D3-BF4B-00C04F79EFBC}") = "ParkShare.Application.Tests", "test\ParkShare.Application.Tests\ParkShare.Application.Tests.csproj", "{E2E1FC31-92F3-489B-AC56-A19AAE1FEF29}"
EndProject
Project("{FAE04EC0-301F-11D3-BF4B-00C04F79EFBC}") = "ParkShare.Api.Tests", "test\ParkShare.Api.Tests\ParkShare.Api.Tests.csproj", "{BF72B2C7-97A5-4619-9298-9AE70F95BDA6}"
EndProject
Global
	GlobalSection(SolutionConfigurationPlatforms) = preSolution
		Debug|Any CPU = Debug|Any CPU
		Release|Any CPU = Release|Any CPU
	EndGlobalSection
	GlobalSection(SolutionProperties) = preSolution
		HideSolutionNode = FALSE
	EndGlobalSection
	GlobalSection(ProjectConfigurationPlatforms) = postSolution
		{16B717FB-6602-44E3-B3A1-5395817F075B}.Debug|Any CPU.ActiveCfg = Debug|Any CPU
		{16B717FB-6602-44E3-B3A1-5395817F075B}.Debug|Any CPU.Build.0 = Debug|Any CPU
		{16B717FB-6602-44E3-B3A1-5395817F075B}.Release|Any CPU.ActiveCfg = Release|Any CPU
		{16B717FB-6602-44E3-B3A1-5395817F075B}.Release|Any CPU.Build.0 = Release|Any CPU
		{9D0E8437-7484-4E4E-893D-DA1F43953666}.Debug|Any CPU.ActiveCfg = Debug|Any CPU
		{9D0E8437-7484-4E4E-893D-DA1F43953666}.Debug|Any CPU.Build.0 = Debug|Any CPU
		{9D0E8437-7484-4E4E-893D-DA1F43953666}.Release|Any CPU.ActiveCfg = Release|Any CPU
		{9D0E8437-7484-4E4E-893D-DA1F43953666}.Release|Any CPU.Build.0 = Release|Any CPU
		{29BCEC8B-3E59-4516-858C-627009838EC1}.Debug|Any CPU.ActiveCfg = Debug|Any CPU
		{29BCEC8B-3E59-4516-858C-627009838EC1}.Debug|Any CPU.Build.0 = Debug|Any CPU
		{29BCEC8B-3E59-4516-858C-627009838EC1}.Release|Any CPU.ActiveCfg = Release|Any CPU
		{29BCEC8B-3E59-4516-858C-627009838EC1}.Release|Any CPU.Build.0 = Release|Any CPU
		{EF71D1EF-B8A1-4BB6-93A6-DC7BD152B6FE}.Debug|Any CPU.ActiveCfg = Debug|Any CPU
		{EF71D1EF-B8A1-4BB6-93A6-DC7BD152B6FE}.Debug|Any CPU.Build.0 = Debug|Any CPU
		{EF71D1EF-B8A1-4BB6-93A6-DC7BD152B6FE}.Release|Any CPU.ActiveCfg = Release|Any CPU
		{EF71D1EF-B8A1-4BB6-93A6-DC7BD152B6FE}.Release|Any CPU.Build.0 = Release|Any CPU
		{D78633CB-6219-4BCC-922C-8DD891AAA833}.Debug|Any CPU.ActiveCfg = Debug|Any CPU
		{D78633CB-6219-4BCC-922C-8DD891AAA833}.Debug|Any CPU.Build.0 = Debug|Any CPU
		{D78633CB-6219-4BCC-922C-8DD891AAA833}.Release|Any CPU.ActiveCfg = Release|Any CPU
		{D78633CB-6219-4BCC-922C-8DD891AAA833}.Release|Any CPU.Build.0 = Release|Any CPU
		{E2E1FC31-92F3-489B-AC56-A19AAE1FEF29}.Debug|Any CPU.ActiveCfg = Debug|Any CPU
		{E2E1FC31-92F3-489B-AC56-A19AAE1FEF29}.Debug|Any CPU.Build.0 = Debug|Any CPU
		{E2E1FC31-92F3-489B-AC56-A19AAE1FEF29}.Release|Any CPU.ActiveCfg = Release|Any CPU
		{E2E1FC31-92F3-489B-AC56-A19AAE1FEF29}.Release|Any CPU.Build.0 = Release|Any CPU
		{BF72B2C7-97A5-4619-9298-9AE70F95BDA6}.Debug|Any CPU.ActiveCfg = Debug|Any CPU
		{BF72B2C7-97A5-4619-9298-9AE70F95BDA6}.Debug|Any CPU.Build.0 = Debug|Any CPU
		{BF72B2C7-97A5-4619-9298-9AE70F95BDA6}.Release|Any CPU.ActiveCfg = Release|Any CPU
		{BF72B2C7-97A5-4619-9298-9AE70F95BDA6}.Release|Any CPU.Build.0 = Release|Any CPU
	EndGlobalSection
	GlobalSection(NestedProjects) = preSolution
		{16B717FB-6602-44E3-B3A1-5395817F075B} = {29896289-2AA6-4CA2-BA1A-7D4B6082E51B}
		{9D0E8437-7484-4E4E-893D-DA1F43953666} = {29896289-2AA6-4CA2-BA1A-7D4B6082E51B}
		{29BCEC8B-3E59-4516-858C-627009838EC1} = {29896289-2AA6-4CA2-BA1A-7D4B6082E51B}
		{EF71D1EF-B8A1-4BB6-93A6-DC7BD152B6FE} = {29896289-2AA6-4CA2-BA1A-7D4B6082E51B}
		{D78633CB-6219-4BCC-922C-8DD891AAA833} = {44F5BC57-ED09-44A5-90C4-8E7D464A823E}
		{E2E1FC31-92F3-489B-AC56-A19AAE1FEF29} = {44F5BC57-ED09-44A5-90C4-8E7D464A823E}
		{BF72B2C7-97A5-4619-9298-9AE70F95BDA6} = {44F5BC57-ED09-44A5-90C4-8E7D464A823E}
	EndGlobalSection
EndGlobal
